
Microsoft Visual Studio Solution File, Format Version 12.00
# Visual Studio 15
VisualStudioVersion = 15.0.26730.12
MinimumVisualStudioVersion = 10.0.40219.1
Project("{8BC9CEB8-8B4A-11D0-8D11-00A0C91BC942}") = "ColorBlind", "ColorBlind\ColorBlind.vcxproj", "{701372A4-F142-4D84-8823-48E9233529D0}"
EndProject
Global
	GlobalSection(SolutionConfigurationPlatforms) = preSolution
		Debug|x64 = Debug|x64
		Debug|x86 = Debug|x86
		Release|x64 = Release|x64
		Release|x86 = Release|x86
	EndGlobalSection
	GlobalSection(ProjectConfigurationPlatforms) = postSolution
		{701372A4-F142-4D84-8823-48E9233529D0}.Debug|x64.ActiveCfg = Debug|x64
		{701372A4-F142-4D84-8823-48E9233529D0}.Debug|x64.Build.0 = Debug|x64
		{701372A4-F142-4D84-8823-48E9233529D0}.Debug|x86.ActiveCfg = Debug|Win32
		{701372A4-F142-4D84-8823-48E9233529D0}.Debug|x86.Build.0 = Debug|Win32
		{701372A4-F142-4D84-8823-48E9233529D0}.Release|x64.ActiveCfg = Release|x64
		{701372A4-F142-4D84-8823-48E9233529D0}.Release|x64.Build.0 = Release|x64
		{701372A4-F142-4D84-8823-48E9233529D0}.Release|x86.ActiveCfg = Release|Win32
		{701372A4-F142-4D84-8823-48E9233529D0}.Release|x86.Build.0 = Release|Win32
	EndGlobalSection
	GlobalSection(SolutionProperties) = preSolution
		HideSolutionNode = FALSE
	EndGlobalSection
	GlobalSection(ExtensibilityGlobals) = postSolution
		SolutionGuid = {F933B47E-BC62-451F-A912-EE241C3AFF96}
	EndGlobalSection
EndGlobal
